
Microsoft Visual Studio Solution File, Format Version 12.00
# Visual Studio Version 16
VisualStudioVersion = 16.0.32413.511
MinimumVisualStudioVersion = 10.0.40219.1
Project("{FAE04EC0-301F-11D3-BF4B-00C04F79EFBC}") = "Template", "Template\Template.csproj", "{6AB16149-D8E7-41A1-A2E7-FF761AB2B075}"
EndProject
Global
	GlobalSection(SolutionConfigurationPlatforms) = preSolution
		Debug|Any CPU = Debug|Any CPU
		Release|Any CPU = Release|Any CPU
	EndGlobalSection
	GlobalSection(ProjectConfigurationPlatforms) = postSolution
		{6AB16149-D8E7-41A1-A2E7-FF761AB2B075}.Debug|Any CPU.ActiveCfg = Debug|Any CPU
		{6AB16149-D8E7-41A1-A2E7-FF761AB2B075}.Debug|Any CPU.Build.0 = Debug|Any CPU
		{6AB16149-D8E7-41A1-A2E7-FF761AB2B075}.Release|Any CPU.ActiveCfg = Release|Any CPU
		{6AB16149-D8E7-41A1-A2E7-FF761AB2B075}.Release|Any CPU.Build.0 = Release|Any CPU
	EndGlobalSection
	GlobalSection(SolutionProperties) = preSolution
		HideSolutionNode = FALSE
	EndGlobalSection
	GlobalSection(ExtensibilityGlobals) = postSolution
		SolutionGuid = {8D659FFC-9301-4516-AB5D-C31B6C500F06}
	EndGlobalSection
EndGlobal
