
Microsoft Visual Studio Solution File, Format Version 12.00
# Visual Studio Version 16
VisualStudioVersion = 16.0.32413.511
MinimumVisualStudioVersion = 10.0.40219.1
Project("{9A19103F-16F7-4668-BE54-9A1E7A4F7556}") = "Template", "Template\Template.csproj", "{6AB16149-D8E7-41A1-A2E7-FF761AB2B075}"
EndProject
Project("{2150E333-8FDC-42A3-9474-1A3956D46DE8}") = "1-Web", "1-Web", "{26D8C055-C649-4960-954D-C2F275F6056B}"
EndProject
Project("{2150E333-8FDC-42A3-9474-1A3956D46DE8}") = "2-Application", "2-Application", "{AEE4EB37-756F-4C3B-9185-B37F23E239ED}"
EndProject
Project("{2150E333-8FDC-42A3-9474-1A3956D46DE8}") = "3-Domain", "3-Domain", "{8EF0A717-6EC1-4A5A-81EF-AB1E51277DDE}"
EndProject
Project("{2150E333-8FDC-42A3-9474-1A3956D46DE8}") = "4-Infra", "4-Infra", "{4209B723-CCB1-4D4B-9CA0-7CD76B854FFA}"
EndProject
Project("{9A19103F-16F7-4668-BE54-9A1E7A4F7556}") = "Template.Application", "TemplateApplication\Template.Application.csproj", "{28AF7784-5741-4239-B1FD-908D817B20BD}"
EndProject
Project("{9A19103F-16F7-4668-BE54-9A1E7A4F7556}") = "Template.Domain", "Template.Domain\Template.Domain.csproj", "{DDC3A38D-2015-47E3-BF0C-72C8D29A465B}"
EndProject
Project("{2150E333-8FDC-42A3-9474-1A3956D46DE8}") = "4.1-Data", "4.1-Data", "{F03B4627-4837-4087-89E7-AD06D55833EA}"
EndProject
Project("{2150E333-8FDC-42A3-9474-1A3956D46DE8}") = "4.2-CrossCutting", "4.2-CrossCutting", "{1A70E518-B947-479F-98B7-880C8CD9F4D8}"
EndProject
Project("{9A19103F-16F7-4668-BE54-9A1E7A4F7556}") = "Template.Data", "Template.Data\Template.Data.csproj", "{0F8CD242-26C3-4F94-8A8A-8D32106E8B2E}"
EndProject
Project("{FAE04EC0-301F-11D3-BF4B-00C04F79EFBC}") = "Template.IoC", "Template.IoC\Template.IoC.csproj", "{257D0F7F-AE07-41D3-B648-2287E916818B}"
EndProject
Global
	GlobalSection(SolutionConfigurationPlatforms) = preSolution
		Debug|Any CPU = Debug|Any CPU
		Release|Any CPU = Release|Any CPU
	EndGlobalSection
	GlobalSection(ProjectConfigurationPlatforms) = postSolution
		{6AB16149-D8E7-41A1-A2E7-FF761AB2B075}.Debug|Any CPU.ActiveCfg = Debug|Any CPU
		{6AB16149-D8E7-41A1-A2E7-FF761AB2B075}.Debug|Any CPU.Build.0 = Debug|Any CPU
		{6AB16149-D8E7-41A1-A2E7-FF761AB2B075}.Release|Any CPU.ActiveCfg = Release|Any CPU
		{6AB16149-D8E7-41A1-A2E7-FF761AB2B075}.Release|Any CPU.Build.0 = Release|Any CPU
		{28AF7784-5741-4239-B1FD-908D817B20BD}.Debug|Any CPU.ActiveCfg = Debug|Any CPU
		{28AF7784-5741-4239-B1FD-908D817B20BD}.Debug|Any CPU.Build.0 = Debug|Any CPU
		{28AF7784-5741-4239-B1FD-908D817B20BD}.Release|Any CPU.ActiveCfg = Release|Any CPU
		{28AF7784-5741-4239-B1FD-908D817B20BD}.Release|Any CPU.Build.0 = Release|Any CPU
		{DDC3A38D-2015-47E3-BF0C-72C8D29A465B}.Debug|Any CPU.ActiveCfg = Debug|Any CPU
		{DDC3A38D-2015-47E3-BF0C-72C8D29A465B}.Debug|Any CPU.Build.0 = Debug|Any CPU
		{DDC3A38D-2015-47E3-BF0C-72C8D29A465B}.Release|Any CPU.ActiveCfg = Release|Any CPU
		{DDC3A38D-2015-47E3-BF0C-72C8D29A465B}.Release|Any CPU.Build.0 = Release|Any CPU
		{0F8CD242-26C3-4F94-8A8A-8D32106E8B2E}.Debug|Any CPU.ActiveCfg = Debug|Any CPU
		{0F8CD242-26C3-4F94-8A8A-8D32106E8B2E}.Debug|Any CPU.Build.0 = Debug|Any CPU
		{0F8CD242-26C3-4F94-8A8A-8D32106E8B2E}.Release|Any CPU.ActiveCfg = Release|Any CPU
		{0F8CD242-26C3-4F94-8A8A-8D32106E8B2E}.Release|Any CPU.Build.0 = Release|Any CPU
		{257D0F7F-AE07-41D3-B648-2287E916818B}.Debug|Any CPU.ActiveCfg = Debug|Any CPU
		{257D0F7F-AE07-41D3-B648-2287E916818B}.Debug|Any CPU.Build.0 = Debug|Any CPU
		{257D0F7F-AE07-41D3-B648-2287E916818B}.Release|Any CPU.ActiveCfg = Release|Any CPU
		{257D0F7F-AE07-41D3-B648-2287E916818B}.Release|Any CPU.Build.0 = Release|Any CPU
	EndGlobalSection
	GlobalSection(SolutionProperties) = preSolution
		HideSolutionNode = FALSE
	EndGlobalSection
	GlobalSection(NestedProjects) = preSolution
		{6AB16149-D8E7-41A1-A2E7-FF761AB2B075} = {26D8C055-C649-4960-954D-C2F275F6056B}
		{28AF7784-5741-4239-B1FD-908D817B20BD} = {AEE4EB37-756F-4C3B-9185-B37F23E239ED}
		{DDC3A38D-2015-47E3-BF0C-72C8D29A465B} = {8EF0A717-6EC1-4A5A-81EF-AB1E51277DDE}
		{F03B4627-4837-4087-89E7-AD06D55833EA} = {4209B723-CCB1-4D4B-9CA0-7CD76B854FFA}
		{1A70E518-B947-479F-98B7-880C8CD9F4D8} = {4209B723-CCB1-4D4B-9CA0-7CD76B854FFA}
		{0F8CD242-26C3-4F94-8A8A-8D32106E8B2E} = {F03B4627-4837-4087-89E7-AD06D55833EA}
		{257D0F7F-AE07-41D3-B648-2287E916818B} = {1A70E518-B947-479F-98B7-880C8CD9F4D8}
	EndGlobalSection
	GlobalSection(ExtensibilityGlobals) = postSolution
		SolutionGuid = {8D659FFC-9301-4516-AB5D-C31B6C500F06}
	EndGlobalSection
EndGlobal
